
Microsoft Visual Studio Solution File, Format Version 12.00
# Visual Studio Version 16
VisualStudioVersion = 16.0.30804.86
MinimumVisualStudioVersion = 10.0.40219.1
Project("{FAE04EC0-301F-11D3-BF4B-00C04F79EFBC}") = "pingpong", "pingpong.csproj", "{EA221FD8-2E6F-441F-98BE-571DCA5E2353}"
EndProject
Global
	GlobalSection(SolutionConfigurationPlatforms) = preSolution
		Debug|Any CPU = Debug|Any CPU
		Release|Any CPU = Release|Any CPU
	EndGlobalSection
	GlobalSection(ProjectConfigurationPlatforms) = postSolution
		{EA221FD8-2E6F-441F-98BE-571DCA5E2353}.Debug|Any CPU.ActiveCfg = Debug|Any CPU
		{EA221FD8-2E6F-441F-98BE-571DCA5E2353}.Debug|Any CPU.Build.0 = Debug|Any CPU
		{EA221FD8-2E6F-441F-98BE-571DCA5E2353}.Release|Any CPU.ActiveCfg = Release|Any CPU
		{EA221FD8-2E6F-441F-98BE-571DCA5E2353}.Release|Any CPU.Build.0 = Release|Any CPU
	EndGlobalSection
	GlobalSection(SolutionProperties) = preSolution
		HideSolutionNode = FALSE
	EndGlobalSection
	GlobalSection(ExtensibilityGlobals) = postSolution
		SolutionGuid = {E0AB3D58-45F4-424B-BA83-8BCB7CA0CAB0}
	EndGlobalSection
EndGlobal
